// !$*UTF8*$!
{
	archiveVersion = 1;
	classes = {
	};
	objectVersion = 46;
	objects = {

/* Begin PBXFileReference section */
		A367FAE314B58FDE00B23145 /* m_map_fukuoka_1 */ = {isa = PBXFileReference; lastKnownFileType = folder; path = m_map_fukuoka_1; sourceTree = "<group>"; };
		A367FAE414B58FDE00B23145 /* jmt_map_yokkaichi */ = {isa = PBXFileReference; lastKnownFileType = folder; path = jmt_map_yokkaichi; sourceTree = "<group>"; };
		A367FAE514B58FDE00B23145 /* jmt_map_shinjyuku */ = {isa = PBXFileReference; lastKnownFileType = folder; path = jmt_map_shinjyuku; sourceTree = "<group>"; };
		A367FAE614B58FDE00B23145 /* jmt_map_osaka */ = {isa = PBXFileReference; lastKnownFileType = folder; path = jmt_map_osaka; sourceTree = "<group>"; };
		A367FAE714B58FDE00B23145 /* jmt_map_iizuka */ = {isa = PBXFileReference; lastKnownFileType = folder; path = jmt_map_iizuka; sourceTree = "<group>"; };
		A367FAE814B58FDE00B23145 /* jmt_map_hiroshima */ = {isa = PBXFileReference; lastKnownFileType = folder; path = jmt_map_hiroshima; sourceTree = "<group>"; };
		A367FAEA14B5921200B23145 /* m_map_iizuka */ = {isa = PBXFileReference; lastKnownFileType = folder; path = m_map_iizuka; sourceTree = "<group>"; };
		A367FAEB14B5921200B23145 /* m_map_yokkaichi */ = {isa = PBXFileReference; lastKnownFileType = folder; path = m_map_yokkaichi; sourceTree = "<group>"; };
		A367FAEC14B5921200B23145 /* m_map_hiroshima */ = {isa = PBXFileReference; lastKnownFileType = folder; path = m_map_hiroshima; sourceTree = "<group>"; };
		A367FAED14B5921200B23145 /* m_map_osaka */ = {isa = PBXFileReference; lastKnownFileType = folder; path = m_map_osaka; sourceTree = "<group>"; };
		A367FAEE14B5921200B23145 /* m_map_shinjyuku */ = {isa = PBXFileReference; lastKnownFileType = folder; path = m_map_shinjyuku; sourceTree = "<group>"; };
		A3E3B1F514A9535800C7FAF5 /* __00 */ = {isa = PBXFileReference; lastKnownFileType = text; path = __00; sourceTree = "<group>"; };
		A3E3B1F614A9535800C7FAF5 /* c2connect */ = {isa = PBXFileReference; lastKnownFileType = folder; path = c2connect; sourceTree = "<group>"; };
		A3E3B1F714A9535800C7FAF5 /* contact */ = {isa = PBXFileReference; lastKnownFileType = folder; path = contact; sourceTree = "<group>"; };
		A3E3B1F814A9535800C7FAF5 /* english */ = {isa = PBXFileReference; lastKnownFileType = folder; path = english; sourceTree = "<group>"; };
		A3E3B1F914A9535800C7FAF5 /* fa_system */ = {isa = PBXFileReference; lastKnownFileType = folder; path = fa_system; sourceTree = "<group>"; };
		A3E3B1FA14A9535800C7FAF5 /* financial */ = {isa = PBXFileReference; lastKnownFileType = folder; path = financial; sourceTree = "<group>"; };
		A3E3B1FB14A9535800C7FAF5 /* googleapps */ = {isa = PBXFileReference; lastKnownFileType = folder; path = googleapps; sourceTree = "<group>"; };
		A3E3B1FC14A9535800C7FAF5 /* graduate */ = {isa = PBXFileReference; lastKnownFileType = folder; path = graduate; sourceTree = "<group>"; };
		A3E3B1FD14A9535800C7FAF5 /* home */ = {isa = PBXFileReference; lastKnownFileType = folder; path = home; sourceTree = "<group>"; };
		A3E3B1FE14A9535800C7FAF5 /* img */ = {isa = PBXFileReference; lastKnownFileType = folder; path = img; sourceTree = "<group>"; };
		A3E3B1FF14A9535800C7FAF5 /* index.html */ = {isa = PBXFileReference; lastKnownFileType = text.html; path = index.html; sourceTree = "<group>"; };
		A3E3B20014A9535800C7FAF5 /* ir */ = {isa = PBXFileReference; lastKnownFileType = folder; path = ir; sourceTree = "<group>"; };
		A3E3B20114A9535800C7FAF5 /* ir_calendar */ = {isa = PBXFileReference; lastKnownFileType = folder; path = ir_calendar; sourceTree = "<group>"; };
		A3E3B20214A9535800C7FAF5 /* ir_contact */ = {isa = PBXFileReference; lastKnownFileType = folder; path = ir_contact; sourceTree = "<group>"; };
		A3E3B20314A9535800C7FAF5 /* ir_seminar */ = {isa = PBXFileReference; lastKnownFileType = folder; path = ir_seminar; sourceTree = "<group>"; };
		A3E3B20414A9535800C7FAF5 /* it */ = {isa = PBXFileReference; lastKnownFileType = folder; path = it; sourceTree = "<group>"; };
		A3E3B20514A9535800C7FAF5 /* jbridge */ = {isa = PBXFileReference; lastKnownFileType = folder; path = jbridge; sourceTree = "<group>"; };
		A3E3B20614A9535800C7FAF5 /* library */ = {isa = PBXFileReference; lastKnownFileType = folder; path = library; sourceTree = "<group>"; };
		A3E3B20714A9535800C7FAF5 /* m_sol */ = {isa = PBXFileReference; lastKnownFileType = folder; path = m_sol; sourceTree = "<group>"; };
		A3E3B20814A9535800C7FAF5 /* new_ceo */ = {isa = PBXFileReference; lastKnownFileType = folder; path = new_ceo; sourceTree = "<group>"; };
		A3E3B20914A9535800C7FAF5 /* new_history */ = {isa = PBXFileReference; lastKnownFileType = folder; path = new_history; sourceTree = "<group>"; };
		A3E3B20A14A9535800C7FAF5 /* new_organogram */ = {isa = PBXFileReference; lastKnownFileType = folder; path = new_organogram; sourceTree = "<group>"; };
		A3E3B20B14A9535800C7FAF5 /* new_vision */ = {isa = PBXFileReference; lastKnownFileType = folder; path = new_vision; sourceTree = "<group>"; };
		A3E3B20C14A9535800C7FAF5 /* old_ceo */ = {isa = PBXFileReference; lastKnownFileType = folder; path = old_ceo; sourceTree = "<group>"; };
		A3E3B20D14A9535800C7FAF5 /* old_fa_system */ = {isa = PBXFileReference; lastKnownFileType = folder; path = old_fa_system; sourceTree = "<group>"; };
		A3E3B20E14A9535800C7FAF5 /* old_financial */ = {isa = PBXFileReference; lastKnownFileType = folder; path = old_financial; sourceTree = "<group>"; };
		A3E3B20F14A9535800C7FAF5 /* old_googleapps */ = {isa = PBXFileReference; lastKnownFileType = folder; path = old_googleapps; sourceTree = "<group>"; };
		A3E3B21014A9535800C7FAF5 /* old_history */ = {isa = PBXFileReference; lastKnownFileType = folder; path = old_history; sourceTree = "<group>"; };
		A3E3B21114A9535800C7FAF5 /* old_ir_calendar */ = {isa = PBXFileReference; lastKnownFileType = folder; path = old_ir_calendar; sourceTree = "<group>"; };
		A3E3B21214A9535800C7FAF5 /* old_ir_contact */ = {isa = PBXFileReference; lastKnownFileType = folder; path = old_ir_contact; sourceTree = "<group>"; };
		A3E3B21314A9535800C7FAF5 /* old_ir_seminar */ = {isa = PBXFileReference; lastKnownFileType = folder; path = old_ir_seminar; sourceTree = "<group>"; };
		A3E3B21414A9535800C7FAF5 /* old_it */ = {isa = PBXFileReference; lastKnownFileType = folder; path = old_it; sourceTree = "<group>"; };
		A3E3B21514A9535800C7FAF5 /* old_m_sol */ = {isa = PBXFileReference; lastKnownFileType = folder; path = old_m_sol; sourceTree = "<group>"; };
		A3E3B21614A9535800C7FAF5 /* old_organogram */ = {isa = PBXFileReference; lastKnownFileType = folder; path = old_organogram; sourceTree = "<group>"; };
		A3E3B21714A9535800C7FAF5 /* old_profile */ = {isa = PBXFileReference; lastKnownFileType = folder; path = old_profile; sourceTree = "<group>"; };
		A3E3B21814A9535800C7FAF5 /* old_se */ = {isa = PBXFileReference; lastKnownFileType = folder; path = old_se; sourceTree = "<group>"; };
		A3E3B21914A9535800C7FAF5 /* old_site_map */ = {isa = PBXFileReference; lastKnownFileType = folder; path = old_site_map; sourceTree = "<group>"; };
		A3E3B21A14A9535800C7FAF5 /* old_stocktips */ = {isa = PBXFileReference; lastKnownFileType = folder; path = old_stocktips; sourceTree = "<group>"; };
		A3E3B21B14A9535800C7FAF5 /* old_thin */ = {isa = PBXFileReference; lastKnownFileType = folder; path = old_thin; sourceTree = "<group>"; };
		A3E3B21C14A9535800C7FAF5 /* old_transition */ = {isa = PBXFileReference; lastKnownFileType = folder; path = old_transition; sourceTree = "<group>"; };
		A3E3B21D14A9535800C7FAF5 /* old_vision */ = {isa = PBXFileReference; lastKnownFileType = folder; path = old_vision; sourceTree = "<group>"; };
		A3E3B21E14A9535800C7FAF5 /* pmstream */ = {isa = PBXFileReference; lastKnownFileType = folder; path = pmstream; sourceTree = "<group>"; };
		A3E3B21F14A9535800C7FAF5 /* press */ = {isa = PBXFileReference; lastKnownFileType = folder; path = press; sourceTree = "<group>"; };
		A3E3B22014A9535800C7FAF5 /* privacy */ = {isa = PBXFileReference; lastKnownFileType = folder; path = privacy; sourceTree = "<group>"; };
		A3E3B22114A9535800C7FAF5 /* products */ = {isa = PBXFileReference; lastKnownFileType = folder; path = products; sourceTree = "<group>"; };
		A3E3B22214A9535800C7FAF5 /* profile */ = {isa = PBXFileReference; lastKnownFileType = folder; path = profile; sourceTree = "<group>"; };
		A3E3B22314A9535800C7FAF5 /* recruit */ = {isa = PBXFileReference; lastKnownFileType = folder; path = recruit; sourceTree = "<group>"; };
		A3E3B22414A9535800C7FAF5 /* se */ = {isa = PBXFileReference; lastKnownFileType = folder; path = se; sourceTree = "<group>"; };
		A3E3B22514A9535800C7FAF5 /* security */ = {isa = PBXFileReference; lastKnownFileType = folder; path = security; sourceTree = "<group>"; };
		A3E3B22614A9535800C7FAF5 /* site_map */ = {isa = PBXFileReference; lastKnownFileType = folder; path = site_map; sourceTree = "<group>"; };
		A3E3B22714A9535800C7FAF5 /* stocktips */ = {isa = PBXFileReference; lastKnownFileType = folder; path = stocktips; sourceTree = "<group>"; };
		A3E3B22814A9535800C7FAF5 /* thin */ = {isa = PBXFileReference; lastKnownFileType = folder; path = thin; sourceTree = "<group>"; };
		A3E3B22914A9535800C7FAF5 /* topics */ = {isa = PBXFileReference; lastKnownFileType = folder; path = topics; sourceTree = "<group>"; };
		A3E3B22A14A9535800C7FAF5 /* transition */ = {isa = PBXFileReference; lastKnownFileType = folder; path = transition; sourceTree = "<group>"; };
		A3E3B22B14A9535800C7FAF5 /* var */ = {isa = PBXFileReference; lastKnownFileType = folder; path = var; sourceTree = "<group>"; };
		A3E3B22C14A9535800C7FAF5 /* view-pageId=1116.php.html */ = {isa = PBXFileReference; lastKnownFileType = text.html; path = "view-pageId=1116.php.html"; sourceTree = "<group>"; };
		A3E3B22D14A9535800C7FAF5 /* view-pageId=1191.php.html */ = {isa = PBXFileReference; lastKnownFileType = text.html; path = "view-pageId=1191.php.html"; sourceTree = "<group>"; };
		A3E3B22E14A9535800C7FAF5 /* view-pageId=1197.php.html */ = {isa = PBXFileReference; lastKnownFileType = text.html; path = "view-pageId=1197.php.html"; sourceTree = "<group>"; };
		A3E3B22F14A9535800C7FAF5 /* view-pageId=1200.php.html */ = {isa = PBXFileReference; lastKnownFileType = text.html; path = "view-pageId=1200.php.html"; sourceTree = "<group>"; };
		A3E3B23014A9535800C7FAF5 /* view-pageId=1201.php.html */ = {isa = PBXFileReference; lastKnownFileType = text.html; path = "view-pageId=1201.php.html"; sourceTree = "<group>"; };
		A3E3B23114A9535800C7FAF5 /* view-pageId=1205.php.html */ = {isa = PBXFileReference; lastKnownFileType = text.html; path = "view-pageId=1205.php.html"; sourceTree = "<group>"; };
		A3E3B23214A9535800C7FAF5 /* view-pageId=1206.php.html */ = {isa = PBXFileReference; lastKnownFileType = text.html; path = "view-pageId=1206.php.html"; sourceTree = "<group>"; };
		A3E3B23314A9535800C7FAF5 /* view-pageId=1208.php.html */ = {isa = PBXFileReference; lastKnownFileType = text.html; path = "view-pageId=1208.php.html"; sourceTree = "<group>"; };
		A3E3B23414A9535800C7FAF5 /* view-pageId=1226.php.html */ = {isa = PBXFileReference; lastKnownFileType = text.html; path = "view-pageId=1226.php.html"; sourceTree = "<group>"; };
		A3E3B23514A9535800C7FAF5 /* view-pageId=1227.php.html */ = {isa = PBXFileReference; lastKnownFileType = text.html; path = "view-pageId=1227.php.html"; sourceTree = "<group>"; };
		A3E3B23614A9535800C7FAF5 /* view-pageId=1228.php.html */ = {isa = PBXFileReference; lastKnownFileType = text.html; path = "view-pageId=1228.php.html"; sourceTree = "<group>"; };
		A3E3B23714A9535800C7FAF5 /* view-pageId=1230.php.html */ = {isa = PBXFileReference; lastKnownFileType = text.html; path = "view-pageId=1230.php.html"; sourceTree = "<group>"; };
		A3E3B23814A9535800C7FAF5 /* view-pageId=1231.php.html */ = {isa = PBXFileReference; lastKnownFileType = text.html; path = "view-pageId=1231.php.html"; sourceTree = "<group>"; };
		A3E3B23914A9535800C7FAF5 /* view-pageId=1239.php.html */ = {isa = PBXFileReference; lastKnownFileType = text.html; path = "view-pageId=1239.php.html"; sourceTree = "<group>"; };
		A3E3B23A14A9535800C7FAF5 /* view-pageId=1240.php.html */ = {isa = PBXFileReference; lastKnownFileType = text.html; path = "view-pageId=1240.php.html"; sourceTree = "<group>"; };
		A3E3B23B14A9535800C7FAF5 /* view-pageId=1241.php.html */ = {isa = PBXFileReference; lastKnownFileType = text.html; path = "view-pageId=1241.php.html"; sourceTree = "<group>"; };
		A3E3B23C14A9535800C7FAF5 /* view-pageId=1242.php.html */ = {isa = PBXFileReference; lastKnownFileType = text.html; path = "view-pageId=1242.php.html"; sourceTree = "<group>"; };
		A3E3B23D14A9535800C7FAF5 /* view-pageId=1243.php.html */ = {isa = PBXFileReference; lastKnownFileType = text.html; path = "view-pageId=1243.php.html"; sourceTree = "<group>"; };
		A3E3B23E14A9535800C7FAF5 /* view-pageId=1244.php.html */ = {isa = PBXFileReference; lastKnownFileType = text.html; path = "view-pageId=1244.php.html"; sourceTree = "<group>"; };
		A3E3B23F14A9535800C7FAF5 /* view-pageId=1245.php.html */ = {isa = PBXFileReference; lastKnownFileType = text.html; path = "view-pageId=1245.php.html"; sourceTree = "<group>"; };
		A3E3B24014A9535800C7FAF5 /* view-pageId=1246.php.html */ = {isa = PBXFileReference; lastKnownFileType = text.html; path = "view-pageId=1246.php.html"; sourceTree = "<group>"; };
		A3E3B24114A9535800C7FAF5 /* view-pageId=1247.php.html */ = {isa = PBXFileReference; lastKnownFileType = text.html; path = "view-pageId=1247.php.html"; sourceTree = "<group>"; };
		A3E3B24214A9535800C7FAF5 /* view-pageId=1248.php.html */ = {isa = PBXFileReference; lastKnownFileType = text.html; path = "view-pageId=1248.php.html"; sourceTree = "<group>"; };
		A3E3B24314A9535800C7FAF5 /* view-pageId=1249.php.html */ = {isa = PBXFileReference; lastKnownFileType = text.html; path = "view-pageId=1249.php.html"; sourceTree = "<group>"; };
		A3E3B24414A9535800C7FAF5 /* view-pageId=1251.php.html */ = {isa = PBXFileReference; lastKnownFileType = text.html; path = "view-pageId=1251.php.html"; sourceTree = "<group>"; };
		A3E3B24514A9535800C7FAF5 /* view-pageId=1252.php.html */ = {isa = PBXFileReference; lastKnownFileType = text.html; path = "view-pageId=1252.php.html"; sourceTree = "<group>"; };
		A3E3B24614A9535800C7FAF5 /* view-pageId=1253.php.html */ = {isa = PBXFileReference; lastKnownFileType = text.html; path = "view-pageId=1253.php.html"; sourceTree = "<group>"; };
		A3E3B24714A9535800C7FAF5 /* view-pageId=1254.php.html */ = {isa = PBXFileReference; lastKnownFileType = text.html; path = "view-pageId=1254.php.html"; sourceTree = "<group>"; };
		A3E3B24814A9535800C7FAF5 /* view-pageId=1259.php.html */ = {isa = PBXFileReference; lastKnownFileType = text.html; path = "view-pageId=1259.php.html"; sourceTree = "<group>"; };
		A3E3B24914A9535800C7FAF5 /* view-pageId=1260.php.html */ = {isa = PBXFileReference; lastKnownFileType = text.html; path = "view-pageId=1260.php.html"; sourceTree = "<group>"; };
		A3E3B24A14A9535800C7FAF5 /* view-pageId=1261.php.html */ = {isa = PBXFileReference; lastKnownFileType = text.html; path = "view-pageId=1261.php.html"; sourceTree = "<group>"; };
		A3E3B24B14A9535800C7FAF5 /* view-pageId=1263.php.html */ = {isa = PBXFileReference; lastKnownFileType = text.html; path = "view-pageId=1263.php.html"; sourceTree = "<group>"; };
		A3E3B24C14A9535800C7FAF5 /* view-pageId=1264.php.html */ = {isa = PBXFileReference; lastKnownFileType = text.html; path = "view-pageId=1264.php.html"; sourceTree = "<group>"; };
		A3E3B24D14A9535800C7FAF5 /* view-pageId=1265.php.html */ = {isa = PBXFileReference; lastKnownFileType = text.html; path = "view-pageId=1265.php.html"; sourceTree = "<group>"; };
		A3E3B24E14A9535800C7FAF5 /* view-pageId=1266.php.html */ = {isa = PBXFileReference; lastKnownFileType = text.html; path = "view-pageId=1266.php.html"; sourceTree = "<group>"; };
		A3E3B24F14A9535800C7FAF5 /* view-pageId=1267.php.html */ = {isa = PBXFileReference; lastKnownFileType = text.html; path = "view-pageId=1267.php.html"; sourceTree = "<group>"; };
		A3E3B25014A9535800C7FAF5 /* view-pageId=1268.php.html */ = {isa = PBXFileReference; lastKnownFileType = text.html; path = "view-pageId=1268.php.html"; sourceTree = "<group>"; };
		A3E3B25114A9535800C7FAF5 /* view-pageId=1270.php.html */ = {isa = PBXFileReference; lastKnownFileType = text.html; path = "view-pageId=1270.php.html"; sourceTree = "<group>"; };
		A3E3B25214A9535800C7FAF5 /* view-pageId=1272.php.html */ = {isa = PBXFileReference; lastKnownFileType = text.html; path = "view-pageId=1272.php.html"; sourceTree = "<group>"; };
		A3E3B25314A9535800C7FAF5 /* view-pageId=1273.php.html */ = {isa = PBXFileReference; lastKnownFileType = text.html; path = "view-pageId=1273.php.html"; sourceTree = "<group>"; };
		A3E3B25414A9535800C7FAF5 /* view-pageId=1274.php.html */ = {isa = PBXFileReference; lastKnownFileType = text.html; path = "view-pageId=1274.php.html"; sourceTree = "<group>"; };
		A3E3B25514A9535800C7FAF5 /* view-pageId=1275.php.html */ = {isa = PBXFileReference; lastKnownFileType = text.html; path = "view-pageId=1275.php.html"; sourceTree = "<group>"; };
		A3E3B25614A9535800C7FAF5 /* view-pageId=1276.php.html */ = {isa = PBXFileReference; lastKnownFileType = text.html; path = "view-pageId=1276.php.html"; sourceTree = "<group>"; };
		A3E3B25714A9535800C7FAF5 /* view-pageId=1277.php.html */ = {isa = PBXFileReference; lastKnownFileType = text.html; path = "view-pageId=1277.php.html"; sourceTree = "<group>"; };
		A3E3B25814A9535800C7FAF5 /* view-pageId=1278.php.html */ = {isa = PBXFileReference; lastKnownFileType = text.html; path = "view-pageId=1278.php.html"; sourceTree = "<group>"; };
		A3E3B25914A9535800C7FAF5 /* view-pageId=1279.php.html */ = {isa = PBXFileReference; lastKnownFileType = text.html; path = "view-pageId=1279.php.html"; sourceTree = "<group>"; };
		A3E3B25A14A9535800C7FAF5 /* view-pageId=1280.php.html */ = {isa = PBXFileReference; lastKnownFileType = text.html; path = "view-pageId=1280.php.html"; sourceTree = "<group>"; };
		A3E3B25B14A9535800C7FAF5 /* view-pageId=1282.php.html */ = {isa = PBXFileReference; lastKnownFileType = text.html; path = "view-pageId=1282.php.html"; sourceTree = "<group>"; };
		A3E3B25C14A9535800C7FAF5 /* view-pageId=1283.php.html */ = {isa = PBXFileReference; lastKnownFileType = text.html; path = "view-pageId=1283.php.html"; sourceTree = "<group>"; };
		A3E3B25D14A9535800C7FAF5 /* view-pageId=1291.php.html */ = {isa = PBXFileReference; lastKnownFileType = text.html; path = "view-pageId=1291.php.html"; sourceTree = "<group>"; };
		A3E3B25E14A9535800C7FAF5 /* view-pageId=1292.php.html */ = {isa = PBXFileReference; lastKnownFileType = text.html; path = "view-pageId=1292.php.html"; sourceTree = "<group>"; };
		A3E3B25F14A9535800C7FAF5 /* view-pageId=1293.php.html */ = {isa = PBXFileReference; lastKnownFileType = text.html; path = "view-pageId=1293.php.html"; sourceTree = "<group>"; };
		A3E3B26014A9535800C7FAF5 /* view-pageId=1306.php.html */ = {isa = PBXFileReference; lastKnownFileType = text.html; path = "view-pageId=1306.php.html"; sourceTree = "<group>"; };
		A3E3B26114A9535800C7FAF5 /* view-pageId=1307.php.html */ = {isa = PBXFileReference; lastKnownFileType = text.html; path = "view-pageId=1307.php.html"; sourceTree = "<group>"; };
		A3E3B26214A9535800C7FAF5 /* view-pageId=1308.php.html */ = {isa = PBXFileReference; lastKnownFileType = text.html; path = "view-pageId=1308.php.html"; sourceTree = "<group>"; };
		A3E3B26314A9535800C7FAF5 /* view-pageId=1309.php.html */ = {isa = PBXFileReference; lastKnownFileType = text.html; path = "view-pageId=1309.php.html"; sourceTree = "<group>"; };
		A3E3B26414A9535800C7FAF5 /* view-pageId=1310.php.html */ = {isa = PBXFileReference; lastKnownFileType = text.html; path = "view-pageId=1310.php.html"; sourceTree = "<group>"; };
		A3E3B26514A9535800C7FAF5 /* view-pageId=1311.php.html */ = {isa = PBXFileReference; lastKnownFileType = text.html; path = "view-pageId=1311.php.html"; sourceTree = "<group>"; };
		A3E3B26614A9535800C7FAF5 /* view-pageId=1312.php.html */ = {isa = PBXFileReference; lastKnownFileType = text.html; path = "view-pageId=1312.php.html"; sourceTree = "<group>"; };
		A3E3B26714A9535800C7FAF5 /* view-pageId=1313.php.html */ = {isa = PBXFileReference; lastKnownFileType = text.html; path = "view-pageId=1313.php.html"; sourceTree = "<group>"; };
		A3E3B26814A9535800C7FAF5 /* view-pageId=1314.php.html */ = {isa = PBXFileReference; lastKnownFileType = text.html; path = "view-pageId=1314.php.html"; sourceTree = "<group>"; };
		A3E3B26914A9535800C7FAF5 /* view-pageId=1315.php.html */ = {isa = PBXFileReference; lastKnownFileType = text.html; path = "view-pageId=1315.php.html"; sourceTree = "<group>"; };
		A3E3B26A14A9535800C7FAF5 /* view-pageId=1316.php.html */ = {isa = PBXFileReference; lastKnownFileType = text.html; path = "view-pageId=1316.php.html"; sourceTree = "<group>"; };
		A3E3B26B14A9535800C7FAF5 /* view-pageId=1317.php.html */ = {isa = PBXFileReference; lastKnownFileType = text.html; path = "view-pageId=1317.php.html"; sourceTree = "<group>"; };
		A3E3B26C14A9535800C7FAF5 /* view-pageId=1318.php.html */ = {isa = PBXFileReference; lastKnownFileType = text.html; path = "view-pageId=1318.php.html"; sourceTree = "<group>"; };
		A3E3B26D14A9535800C7FAF5 /* view-pageId=1319.php.html */ = {isa = PBXFileReference; lastKnownFileType = text.html; path = "view-pageId=1319.php.html"; sourceTree = "<group>"; };
		A3E3B26E14A9535800C7FAF5 /* view-pageId=1320.php.html */ = {isa = PBXFileReference; lastKnownFileType = text.html; path = "view-pageId=1320.php.html"; sourceTree = "<group>"; };
		A3E3B26F14A9535800C7FAF5 /* view-pageId=1323.php.html */ = {isa = PBXFileReference; lastKnownFileType = text.html; path = "view-pageId=1323.php.html"; sourceTree = "<group>"; };
		A3E3B27014A9535800C7FAF5 /* view-pageId=1327.php.html */ = {isa = PBXFileReference; lastKnownFileType = text.html; path = "view-pageId=1327.php.html"; sourceTree = "<group>"; };
		A3E3B27114A9535800C7FAF5 /* view-pageId=1330.php.html */ = {isa = PBXFileReference; lastKnownFileType = text.html; path = "view-pageId=1330.php.html"; sourceTree = "<group>"; };
		A3E3B27214A9535800C7FAF5 /* view-pageId=1335.php.html */ = {isa = PBXFileReference; lastKnownFileType = text.html; path = "view-pageId=1335.php.html"; sourceTree = "<group>"; };
		A3E3B27314A9535800C7FAF5 /* view-pageId=1336.php.html */ = {isa = PBXFileReference; lastKnownFileType = text.html; path = "view-pageId=1336.php.html"; sourceTree = "<group>"; };
		A3E3B27414A9535800C7FAF5 /* view-pageId=1337.php.html */ = {isa = PBXFileReference; lastKnownFileType = text.html; path = "view-pageId=1337.php.html"; sourceTree = "<group>"; };
		A3E3B27514A9535800C7FAF5 /* view-pageId=1341.php.html */ = {isa = PBXFileReference; lastKnownFileType = text.html; path = "view-pageId=1341.php.html"; sourceTree = "<group>"; };
		A3E3B27614A9535800C7FAF5 /* view-pageId=1342.php.html */ = {isa = PBXFileReference; lastKnownFileType = text.html; path = "view-pageId=1342.php.html"; sourceTree = "<group>"; };
		A3E3B27714A9535800C7FAF5 /* view-pageId=1343.php.html */ = {isa = PBXFileReference; lastKnownFileType = text.html; path = "view-pageId=1343.php.html"; sourceTree = "<group>"; };
		A3E3B27814A9535800C7FAF5 /* view-pageId=1344.php.html */ = {isa = PBXFileReference; lastKnownFileType = text.html; path = "view-pageId=1344.php.html"; sourceTree = "<group>"; };
		A3E3B27914A9535800C7FAF5 /* view-pageId=1346.php.html */ = {isa = PBXFileReference; lastKnownFileType = text.html; path = "view-pageId=1346.php.html"; sourceTree = "<group>"; };
		A3E3B27A14A9535800C7FAF5 /* view-pageId=1347.php.html */ = {isa = PBXFileReference; lastKnownFileType = text.html; path = "view-pageId=1347.php.html"; sourceTree = "<group>"; };
		A3E3B27B14A9535800C7FAF5 /* view-pageId=1349.php.html */ = {isa = PBXFileReference; lastKnownFileType = text.html; path = "view-pageId=1349.php.html"; sourceTree = "<group>"; };
		A3E3B27C14A9535800C7FAF5 /* view-pageId=1350.php.html */ = {isa = PBXFileReference; lastKnownFileType = text.html; path = "view-pageId=1350.php.html"; sourceTree = "<group>"; };
		A3E3B27D14A9535800C7FAF5 /* view-pageId=1351.php.html */ = {isa = PBXFileReference; lastKnownFileType = text.html; path = "view-pageId=1351.php.html"; sourceTree = "<group>"; };
		A3E3B27E14A9535800C7FAF5 /* view-pageId=1352.php.html */ = {isa = PBXFileReference; lastKnownFileType = text.html; path = "view-pageId=1352.php.html"; sourceTree = "<group>"; };
		A3E3B27F14A9535800C7FAF5 /* view-pageId=1353.php.html */ = {isa = PBXFileReference; lastKnownFileType = text.html; path = "view-pageId=1353.php.html"; sourceTree = "<group>"; };
		A3E3B28014A9535800C7FAF5 /* view-pageId=1354.php.html */ = {isa = PBXFileReference; lastKnownFileType = text.html; path = "view-pageId=1354.php.html"; sourceTree = "<group>"; };
		A3E3B28114A9535800C7FAF5 /* view-pageId=1355.php.html */ = {isa = PBXFileReference; lastKnownFileType = text.html; path = "view-pageId=1355.php.html"; sourceTree = "<group>"; };
		A3E3B28214A9535800C7FAF5 /* view-pageId=1356.php.html */ = {isa = PBXFileReference; lastKnownFileType = text.html; path = "view-pageId=1356.php.html"; sourceTree = "<group>"; };
		A3E3B28314A9535800C7FAF5 /* view-pageId=1357.php.html */ = {isa = PBXFileReference; lastKnownFileType = text.html; path = "view-pageId=1357.php.html"; sourceTree = "<group>"; };
		A3E3B28414A9535800C7FAF5 /* view-pageId=1358.php.html */ = {isa = PBXFileReference; lastKnownFileType = text.html; path = "view-pageId=1358.php.html"; sourceTree = "<group>"; };
		A3E3B28514A9535800C7FAF5 /* view-pageId=1359.php.html */ = {isa = PBXFileReference; lastKnownFileType = text.html; path = "view-pageId=1359.php.html"; sourceTree = "<group>"; };
		A3E3B28614A9535800C7FAF5 /* view-pageId=1360.php.html */ = {isa = PBXFileReference; lastKnownFileType = text.html; path = "view-pageId=1360.php.html"; sourceTree = "<group>"; };
		A3E3B28714A9535800C7FAF5 /* view-pageId=1364.php.html */ = {isa = PBXFileReference; lastKnownFileType = text.html; path = "view-pageId=1364.php.html"; sourceTree = "<group>"; };
		A3E3B28814A9535800C7FAF5 /* view-pageId=1365.php.html */ = {isa = PBXFileReference; lastKnownFileType = text.html; path = "view-pageId=1365.php.html"; sourceTree = "<group>"; };
		A3E3B28914A9535800C7FAF5 /* view-pageId=1367.php.html */ = {isa = PBXFileReference; lastKnownFileType = text.html; path = "view-pageId=1367.php.html"; sourceTree = "<group>"; };
		A3E3B28A14A9535800C7FAF5 /* view-pageId=1369.php.html */ = {isa = PBXFileReference; lastKnownFileType = text.html; path = "view-pageId=1369.php.html"; sourceTree = "<group>"; };
		A3E3B28B14A9535800C7FAF5 /* view-pageId=1370.php.html */ = {isa = PBXFileReference; lastKnownFileType = text.html; path = "view-pageId=1370.php.html"; sourceTree = "<group>"; };
		A3E3B28C14A9535800C7FAF5 /* view-pageId=1371.php.html */ = {isa = PBXFileReference; lastKnownFileType = text.html; path = "view-pageId=1371.php.html"; sourceTree = "<group>"; };
		A3E3B28D14A9535800C7FAF5 /* view-pageId=1372.php.html */ = {isa = PBXFileReference; lastKnownFileType = text.html; path = "view-pageId=1372.php.html"; sourceTree = "<group>"; };
		A3E3B28E14A9535800C7FAF5 /* view-pageId=1375.php.html */ = {isa = PBXFileReference; lastKnownFileType = text.html; path = "view-pageId=1375.php.html"; sourceTree = "<group>"; };
		A3E3B28F14A9535800C7FAF5 /* view-pageId=1376.php.html */ = {isa = PBXFileReference; lastKnownFileType = text.html; path = "view-pageId=1376.php.html"; sourceTree = "<group>"; };
		A3E3B29014A9535800C7FAF5 /* view-pageId=1379.php.html */ = {isa = PBXFileReference; lastKnownFileType = text.html; path = "view-pageId=1379.php.html"; sourceTree = "<group>"; };
		A3E3B29114A9535800C7FAF5 /* view-pageId=1380.php.html */ = {isa = PBXFileReference; lastKnownFileType = text.html; path = "view-pageId=1380.php.html"; sourceTree = "<group>"; };
		A3E3B29214A9535800C7FAF5 /* view-pageId=1381.php.html */ = {isa = PBXFileReference; lastKnownFileType = text.html; path = "view-pageId=1381.php.html"; sourceTree = "<group>"; };
		A3E3B29314A9535800C7FAF5 /* view-pageId=1382.php.html */ = {isa = PBXFileReference; lastKnownFileType = text.html; path = "view-pageId=1382.php.html"; sourceTree = "<group>"; };
		A3E3B29414A9535800C7FAF5 /* view-pageId=1383.php.html */ = {isa = PBXFileReference; lastKnownFileType = text.html; path = "view-pageId=1383.php.html"; sourceTree = "<group>"; };
		A3E3B29514A9535800C7FAF5 /* view-pageId=1384.php.html */ = {isa = PBXFileReference; lastKnownFileType = text.html; path = "view-pageId=1384.php.html"; sourceTree = "<group>"; };
		A3E3B29614A9535800C7FAF5 /* view-pageId=1385.php.html */ = {isa = PBXFileReference; lastKnownFileType = text.html; path = "view-pageId=1385.php.html"; sourceTree = "<group>"; };
		A3E3B29714A9535800C7FAF5 /* view-pageId=1386.php.html */ = {isa = PBXFileReference; lastKnownFileType = text.html; path = "view-pageId=1386.php.html"; sourceTree = "<group>"; };
		A3E3B29814A9535800C7FAF5 /* view-pageId=1389.php.html */ = {isa = PBXFileReference; lastKnownFileType = text.html; path = "view-pageId=1389.php.html"; sourceTree = "<group>"; };
		A3E3B29914A9535800C7FAF5 /* view-pageId=1390.php.html */ = {isa = PBXFileReference; lastKnownFileType = text.html; path = "view-pageId=1390.php.html"; sourceTree = "<group>"; };
		A3E3B29A14A9535800C7FAF5 /* view-pageId=1391.php.html */ = {isa = PBXFileReference; lastKnownFileType = text.html; path = "view-pageId=1391.php.html"; sourceTree = "<group>"; };
		A3E3B29B14A9535800C7FAF5 /* view-pageId=1392.php.html */ = {isa = PBXFileReference; lastKnownFileType = text.html; path = "view-pageId=1392.php.html"; sourceTree = "<group>"; };
		A3E3B29C14A9535800C7FAF5 /* view-pageId=1393.php.html */ = {isa = PBXFileReference; lastKnownFileType = text.html; path = "view-pageId=1393.php.html"; sourceTree = "<group>"; };
		A3E3B29D14A9535800C7FAF5 /* view-pageId=1394.php.html */ = {isa = PBXFileReference; lastKnownFileType = text.html; path = "view-pageId=1394.php.html"; sourceTree = "<group>"; };
		A3E3B29E14A9535800C7FAF5 /* view-pageId=1395.php.html */ = {isa = PBXFileReference; lastKnownFileType = text.html; path = "view-pageId=1395.php.html"; sourceTree = "<group>"; };
		A3E3B29F14A9535800C7FAF5 /* view-pageId=1396.php.html */ = {isa = PBXFileReference; lastKnownFileType = text.html; path = "view-pageId=1396.php.html"; sourceTree = "<group>"; };
		A3E3B2A014A9535800C7FAF5 /* view-pageId=1397.php.html */ = {isa = PBXFileReference; lastKnownFileType = text.html; path = "view-pageId=1397.php.html"; sourceTree = "<group>"; };
		A3E3B2A114A9535800C7FAF5 /* view-pageId=1398.php.html */ = {isa = PBXFileReference; lastKnownFileType = text.html; path = "view-pageId=1398.php.html"; sourceTree = "<group>"; };
		A3E3B2A214A9535800C7FAF5 /* view-pageId=1400.php.html */ = {isa = PBXFileReference; lastKnownFileType = text.html; path = "view-pageId=1400.php.html"; sourceTree = "<group>"; };
		A3E3B2A314A9535800C7FAF5 /* view-pageId=1401.php.html */ = {isa = PBXFileReference; lastKnownFileType = text.html; path = "view-pageId=1401.php.html"; sourceTree = "<group>"; };
		A3E3B2A414A9535800C7FAF5 /* view-pageId=1402.php.html */ = {isa = PBXFileReference; lastKnownFileType = text.html; path = "view-pageId=1402.php.html"; sourceTree = "<group>"; };
		A3E3B2A514A9535800C7FAF5 /* view-pageId=1403.php.html */ = {isa = PBXFileReference; lastKnownFileType = text.html; path = "view-pageId=1403.php.html"; sourceTree = "<group>"; };
		A3E3B2A614A9535800C7FAF5 /* view-pageId=1404.php.html */ = {isa = PBXFileReference; lastKnownFileType = text.html; path = "view-pageId=1404.php.html"; sourceTree = "<group>"; };
		A3E3B2A714A9535800C7FAF5 /* view-pageId=1405.php.html */ = {isa = PBXFileReference; lastKnownFileType = text.html; path = "view-pageId=1405.php.html"; sourceTree = "<group>"; };
		A3E3B2A814A9535800C7FAF5 /* view-pageId=1406.php.html */ = {isa = PBXFileReference; lastKnownFileType = text.html; path = "view-pageId=1406.php.html"; sourceTree = "<group>"; };
		A3E3B2A914A9535800C7FAF5 /* view-pageId=1407.php.html */ = {isa = PBXFileReference; lastKnownFileType = text.html; path = "view-pageId=1407.php.html"; sourceTree = "<group>"; };
		A3E3B2AA14A9535800C7FAF5 /* view-pageId=1408.php.html */ = {isa = PBXFileReference; lastKnownFileType = text.html; path = "view-pageId=1408.php.html"; sourceTree = "<group>"; };
		A3E3B2AB14A9535800C7FAF5 /* view-pageId=1409.php.html */ = {isa = PBXFileReference; lastKnownFileType = text.html; path = "view-pageId=1409.php.html"; sourceTree = "<group>"; };
		A3E3B2AC14A9535800C7FAF5 /* view-pageId=1410.php.html */ = {isa = PBXFileReference; lastKnownFileType = text.html; path = "view-pageId=1410.php.html"; sourceTree = "<group>"; };
		A3E3B2AD14A9535800C7FAF5 /* view-pageId=1418.php.html */ = {isa = PBXFileReference; lastKnownFileType = text.html; path = "view-pageId=1418.php.html"; sourceTree = "<group>"; };
		A3E3B2AE14A9535800C7FAF5 /* view-pageId=1419.php.html */ = {isa = PBXFileReference; lastKnownFileType = text.html; path = "view-pageId=1419.php.html"; sourceTree = "<group>"; };
		A3E3B2AF14A9535800C7FAF5 /* view-pageId=1420.php.html */ = {isa = PBXFileReference; lastKnownFileType = text.html; path = "view-pageId=1420.php.html"; sourceTree = "<group>"; };
		A3E3B2B014A9535800C7FAF5 /* view-pageId=1421.php.html */ = {isa = PBXFileReference; lastKnownFileType = text.html; path = "view-pageId=1421.php.html"; sourceTree = "<group>"; };
		A3E3B2B114A9535800C7FAF5 /* view-pageId=1422.php.html */ = {isa = PBXFileReference; lastKnownFileType = text.html; path = "view-pageId=1422.php.html"; sourceTree = "<group>"; };
		A3E3B2B214A9535800C7FAF5 /* view-pageId=1471.php.html */ = {isa = PBXFileReference; lastKnownFileType = text.html; path = "view-pageId=1471.php.html"; sourceTree = "<group>"; };
		A3E3B2B314A9535800C7FAF5 /* view-pageId=1472.php.html */ = {isa = PBXFileReference; lastKnownFileType = text.html; path = "view-pageId=1472.php.html"; sourceTree = "<group>"; };
		A3E3B2B414A9535800C7FAF5 /* view-pageId=1473.php.html */ = {isa = PBXFileReference; lastKnownFileType = text.html; path = "view-pageId=1473.php.html"; sourceTree = "<group>"; };
/* End PBXFileReference section */

/* Begin PBXGroup section */
		A3E3B1EC14A9532400C7FAF5 = {
			isa = PBXGroup;
			children = (
				A367FAEA14B5921200B23145 /* m_map_iizuka */,
				A367FAEB14B5921200B23145 /* m_map_yokkaichi */,
				A367FAEC14B5921200B23145 /* m_map_hiroshima */,
				A367FAED14B5921200B23145 /* m_map_osaka */,
				A367FAEE14B5921200B23145 /* m_map_shinjyuku */,
				A367FAE314B58FDE00B23145 /* m_map_fukuoka_1 */,
				A367FAE414B58FDE00B23145 /* jmt_map_yokkaichi */,
				A367FAE514B58FDE00B23145 /* jmt_map_shinjyuku */,
				A367FAE614B58FDE00B23145 /* jmt_map_osaka */,
				A367FAE714B58FDE00B23145 /* jmt_map_iizuka */,
				A367FAE814B58FDE00B23145 /* jmt_map_hiroshima */,
				A3E3B1F514A9535800C7FAF5 /* __00 */,
				A3E3B1F614A9535800C7FAF5 /* c2connect */,
				A3E3B1F714A9535800C7FAF5 /* contact */,
				A3E3B1F814A9535800C7FAF5 /* english */,
				A3E3B1F914A9535800C7FAF5 /* fa_system */,
				A3E3B1FA14A9535800C7FAF5 /* financial */,
				A3E3B1FB14A9535800C7FAF5 /* googleapps */,
				A3E3B1FC14A9535800C7FAF5 /* graduate */,
				A3E3B1FD14A9535800C7FAF5 /* home */,
				A3E3B1FE14A9535800C7FAF5 /* img */,
				A3E3B1FF14A9535800C7FAF5 /* index.html */,
				A3E3B20014A9535800C7FAF5 /* ir */,
				A3E3B20114A9535800C7FAF5 /* ir_calendar */,
				A3E3B20214A9535800C7FAF5 /* ir_contact */,
				A3E3B20314A9535800C7FAF5 /* ir_seminar */,
				A3E3B20414A9535800C7FAF5 /* it */,
				A3E3B20514A9535800C7FAF5 /* jbridge */,
				A3E3B20614A9535800C7FAF5 /* library */,
				A3E3B20714A9535800C7FAF5 /* m_sol */,
				A3E3B20814A9535800C7FAF5 /* new_ceo */,
				A3E3B20914A9535800C7FAF5 /* new_history */,
				A3E3B20A14A9535800C7FAF5 /* new_organogram */,
				A3E3B20B14A9535800C7FAF5 /* new_vision */,
				A3E3B20C14A9535800C7FAF5 /* old_ceo */,
				A3E3B20D14A9535800C7FAF5 /* old_fa_system */,
				A3E3B20E14A9535800C7FAF5 /* old_financial */,
				A3E3B20F14A9535800C7FAF5 /* old_googleapps */,
				A3E3B21014A9535800C7FAF5 /* old_history */,
				A3E3B21114A9535800C7FAF5 /* old_ir_calendar */,
				A3E3B21214A9535800C7FAF5 /* old_ir_contact */,
				A3E3B21314A9535800C7FAF5 /* old_ir_seminar */,
				A3E3B21414A9535800C7FAF5 /* old_it */,
				A3E3B21514A9535800C7FAF5 /* old_m_sol */,
				A3E3B21614A9535800C7FAF5 /* old_organogram */,
				A3E3B21714A9535800C7FAF5 /* old_profile */,
				A3E3B21814A9535800C7FAF5 /* old_se */,
				A3E3B21914A9535800C7FAF5 /* old_site_map */,
				A3E3B21A14A9535800C7FAF5 /* old_stocktips */,
				A3E3B21B14A9535800C7FAF5 /* old_thin */,
				A3E3B21C14A9535800C7FAF5 /* old_transition */,
				A3E3B21D14A9535800C7FAF5 /* old_vision */,
				A3E3B21E14A9535800C7FAF5 /* pmstream */,
				A3E3B21F14A9535800C7FAF5 /* press */,
				A3E3B22014A9535800C7FAF5 /* privacy */,
				A3E3B22114A9535800C7FAF5 /* products */,
				A3E3B22214A9535800C7FAF5 /* profile */,
				A3E3B22314A9535800C7FAF5 /* recruit */,
				A3E3B22414A9535800C7FAF5 /* se */,
				A3E3B22514A9535800C7FAF5 /* security */,
				A3E3B22614A9535800C7FAF5 /* site_map */,
				A3E3B22714A9535800C7FAF5 /* stocktips */,
				A3E3B22814A9535800C7FAF5 /* thin */,
				A3E3B22914A9535800C7FAF5 /* topics */,
				A3E3B22A14A9535800C7FAF5 /* transition */,
				A3E3B22B14A9535800C7FAF5 /* var */,
				A3E3B22C14A9535800C7FAF5 /* view-pageId=1116.php.html */,
				A3E3B22D14A9535800C7FAF5 /* view-pageId=1191.php.html */,
				A3E3B22E14A9535800C7FAF5 /* view-pageId=1197.php.html */,
				A3E3B22F14A9535800C7FAF5 /* view-pageId=1200.php.html */,
				A3E3B23014A9535800C7FAF5 /* view-pageId=1201.php.html */,
				A3E3B23114A9535800C7FAF5 /* view-pageId=1205.php.html */,
				A3E3B23214A9535800C7FAF5 /* view-pageId=1206.php.html */,
				A3E3B23314A9535800C7FAF5 /* view-pageId=1208.php.html */,
				A3E3B23414A9535800C7FAF5 /* view-pageId=1226.php.html */,
				A3E3B23514A9535800C7FAF5 /* view-pageId=1227.php.html */,
				A3E3B23614A9535800C7FAF5 /* view-pageId=1228.php.html */,
				A3E3B23714A9535800C7FAF5 /* view-pageId=1230.php.html */,
				A3E3B23814A9535800C7FAF5 /* view-pageId=1231.php.html */,
				A3E3B23914A9535800C7FAF5 /* view-pageId=1239.php.html */,
				A3E3B23A14A9535800C7FAF5 /* view-pageId=1240.php.html */,
				A3E3B23B14A9535800C7FAF5 /* view-pageId=1241.php.html */,
				A3E3B23C14A9535800C7FAF5 /* view-pageId=1242.php.html */,
				A3E3B23D14A9535800C7FAF5 /* view-pageId=1243.php.html */,
				A3E3B23E14A9535800C7FAF5 /* view-pageId=1244.php.html */,
				A3E3B23F14A9535800C7FAF5 /* view-pageId=1245.php.html */,
				A3E3B24014A9535800C7FAF5 /* view-pageId=1246.php.html */,
				A3E3B24114A9535800C7FAF5 /* view-pageId=1247.php.html */,
				A3E3B24214A9535800C7FAF5 /* view-pageId=1248.php.html */,
				A3E3B24314A9535800C7FAF5 /* view-pageId=1249.php.html */,
				A3E3B24414A9535800C7FAF5 /* view-pageId=1251.php.html */,
				A3E3B24514A9535800C7FAF5 /* view-pageId=1252.php.html */,
				A3E3B24614A9535800C7FAF5 /* view-pageId=1253.php.html */,
				A3E3B24714A9535800C7FAF5 /* view-pageId=1254.php.html */,
				A3E3B24814A9535800C7FAF5 /* view-pageId=1259.php.html */,
				A3E3B24914A9535800C7FAF5 /* view-pageId=1260.php.html */,
				A3E3B24A14A9535800C7FAF5 /* view-pageId=1261.php.html */,
				A3E3B24B14A9535800C7FAF5 /* view-pageId=1263.php.html */,
				A3E3B24C14A9535800C7FAF5 /* view-pageId=1264.php.html */,
				A3E3B24D14A9535800C7FAF5 /* view-pageId=1265.php.html */,
				A3E3B24E14A9535800C7FAF5 /* view-pageId=1266.php.html */,
				A3E3B24F14A9535800C7FAF5 /* view-pageId=1267.php.html */,
				A3E3B25014A9535800C7FAF5 /* view-pageId=1268.php.html */,
				A3E3B25114A9535800C7FAF5 /* view-pageId=1270.php.html */,
				A3E3B25214A9535800C7FAF5 /* view-pageId=1272.php.html */,
				A3E3B25314A9535800C7FAF5 /* view-pageId=1273.php.html */,
				A3E3B25414A9535800C7FAF5 /* view-pageId=1274.php.html */,
				A3E3B25514A9535800C7FAF5 /* view-pageId=1275.php.html */,
				A3E3B25614A9535800C7FAF5 /* view-pageId=1276.php.html */,
				A3E3B25714A9535800C7FAF5 /* view-pageId=1277.php.html */,
				A3E3B25814A9535800C7FAF5 /* view-pageId=1278.php.html */,
				A3E3B25914A9535800C7FAF5 /* view-pageId=1279.php.html */,
				A3E3B25A14A9535800C7FAF5 /* view-pageId=1280.php.html */,
				A3E3B25B14A9535800C7FAF5 /* view-pageId=1282.php.html */,
				A3E3B25C14A9535800C7FAF5 /* view-pageId=1283.php.html */,
				A3E3B25D14A9535800C7FAF5 /* view-pageId=1291.php.html */,
				A3E3B25E14A9535800C7FAF5 /* view-pageId=1292.php.html */,
				A3E3B25F14A9535800C7FAF5 /* view-pageId=1293.php.html */,
				A3E3B26014A9535800C7FAF5 /* view-pageId=1306.php.html */,
				A3E3B26114A9535800C7FAF5 /* view-pageId=1307.php.html */,
				A3E3B26214A9535800C7FAF5 /* view-pageId=1308.php.html */,
				A3E3B26314A9535800C7FAF5 /* view-pageId=1309.php.html */,
				A3E3B26414A9535800C7FAF5 /* view-pageId=1310.php.html */,
				A3E3B26514A9535800C7FAF5 /* view-pageId=1311.php.html */,
				A3E3B26614A9535800C7FAF5 /* view-pageId=1312.php.html */,
				A3E3B26714A9535800C7FAF5 /* view-pageId=1313.php.html */,
				A3E3B26814A9535800C7FAF5 /* view-pageId=1314.php.html */,
				A3E3B26914A9535800C7FAF5 /* view-pageId=1315.php.html */,
				A3E3B26A14A9535800C7FAF5 /* view-pageId=1316.php.html */,
				A3E3B26B14A9535800C7FAF5 /* view-pageId=1317.php.html */,
				A3E3B26C14A9535800C7FAF5 /* view-pageId=1318.php.html */,
				A3E3B26D14A9535800C7FAF5 /* view-pageId=1319.php.html */,
				A3E3B26E14A9535800C7FAF5 /* view-pageId=1320.php.html */,
				A3E3B26F14A9535800C7FAF5 /* view-pageId=1323.php.html */,
				A3E3B27014A9535800C7FAF5 /* view-pageId=1327.php.html */,
				A3E3B27114A9535800C7FAF5 /* view-pageId=1330.php.html */,
				A3E3B27214A9535800C7FAF5 /* view-pageId=1335.php.html */,
				A3E3B27314A9535800C7FAF5 /* view-pageId=1336.php.html */,
				A3E3B27414A9535800C7FAF5 /* view-pageId=1337.php.html */,
				A3E3B27514A9535800C7FAF5 /* view-pageId=1341.php.html */,
				A3E3B27614A9535800C7FAF5 /* view-pageId=1342.php.html */,
				A3E3B27714A9535800C7FAF5 /* view-pageId=1343.php.html */,
				A3E3B27814A9535800C7FAF5 /* view-pageId=1344.php.html */,
				A3E3B27914A9535800C7FAF5 /* view-pageId=1346.php.html */,
				A3E3B27A14A9535800C7FAF5 /* view-pageId=1347.php.html */,
				A3E3B27B14A9535800C7FAF5 /* view-pageId=1349.php.html */,
				A3E3B27C14A9535800C7FAF5 /* view-pageId=1350.php.html */,
				A3E3B27D14A9535800C7FAF5 /* view-pageId=1351.php.html */,
				A3E3B27E14A9535800C7FAF5 /* view-pageId=1352.php.html */,
				A3E3B27F14A9535800C7FAF5 /* view-pageId=1353.php.html */,
				A3E3B28014A9535800C7FAF5 /* view-pageId=1354.php.html */,
				A3E3B28114A9535800C7FAF5 /* view-pageId=1355.php.html */,
				A3E3B28214A9535800C7FAF5 /* view-pageId=1356.php.html */,
				A3E3B28314A9535800C7FAF5 /* view-pageId=1357.php.html */,
				A3E3B28414A9535800C7FAF5 /* view-pageId=1358.php.html */,
				A3E3B28514A9535800C7FAF5 /* view-pageId=1359.php.html */,
				A3E3B28614A9535800C7FAF5 /* view-pageId=1360.php.html */,
				A3E3B28714A9535800C7FAF5 /* view-pageId=1364.php.html */,
				A3E3B28814A9535800C7FAF5 /* view-pageId=1365.php.html */,
				A3E3B28914A9535800C7FAF5 /* view-pageId=1367.php.html */,
				A3E3B28A14A9535800C7FAF5 /* view-pageId=1369.php.html */,
				A3E3B28B14A9535800C7FAF5 /* view-pageId=1370.php.html */,
				A3E3B28C14A9535800C7FAF5 /* view-pageId=1371.php.html */,
				A3E3B28D14A9535800C7FAF5 /* view-pageId=1372.php.html */,
				A3E3B28E14A9535800C7FAF5 /* view-pageId=1375.php.html */,
				A3E3B28F14A9535800C7FAF5 /* view-pageId=1376.php.html */,
				A3E3B29014A9535800C7FAF5 /* view-pageId=1379.php.html */,
				A3E3B29114A9535800C7FAF5 /* view-pageId=1380.php.html */,
				A3E3B29214A9535800C7FAF5 /* view-pageId=1381.php.html */,
				A3E3B29314A9535800C7FAF5 /* view-pageId=1382.php.html */,
				A3E3B29414A9535800C7FAF5 /* view-pageId=1383.php.html */,
				A3E3B29514A9535800C7FAF5 /* view-pageId=1384.php.html */,
				A3E3B29614A9535800C7FAF5 /* view-pageId=1385.php.html */,
				A3E3B29714A9535800C7FAF5 /* view-pageId=1386.php.html */,
				A3E3B29814A9535800C7FAF5 /* view-pageId=1389.php.html */,
				A3E3B29914A9535800C7FAF5 /* view-pageId=1390.php.html */,
				A3E3B29A14A9535800C7FAF5 /* view-pageId=1391.php.html */,
				A3E3B29B14A9535800C7FAF5 /* view-pageId=1392.php.html */,
				A3E3B29C14A9535800C7FAF5 /* view-pageId=1393.php.html */,
				A3E3B29D14A9535800C7FAF5 /* view-pageId=1394.php.html */,
				A3E3B29E14A9535800C7FAF5 /* view-pageId=1395.php.html */,
				A3E3B29F14A9535800C7FAF5 /* view-pageId=1396.php.html */,
				A3E3B2A014A9535800C7FAF5 /* view-pageId=1397.php.html */,
				A3E3B2A114A9535800C7FAF5 /* view-pageId=1398.php.html */,
				A3E3B2A214A9535800C7FAF5 /* view-pageId=1400.php.html */,
				A3E3B2A314A9535800C7FAF5 /* view-pageId=1401.php.html */,
				A3E3B2A414A9535800C7FAF5 /* view-pageId=1402.php.html */,
				A3E3B2A514A9535800C7FAF5 /* view-pageId=1403.php.html */,
				A3E3B2A614A9535800C7FAF5 /* view-pageId=1404.php.html */,
				A3E3B2A714A9535800C7FAF5 /* view-pageId=1405.php.html */,
				A3E3B2A814A9535800C7FAF5 /* view-pageId=1406.php.html */,
				A3E3B2A914A9535800C7FAF5 /* view-pageId=1407.php.html */,
				A3E3B2AA14A9535800C7FAF5 /* view-pageId=1408.php.html */,
				A3E3B2AB14A9535800C7FAF5 /* view-pageId=1409.php.html */,
				A3E3B2AC14A9535800C7FAF5 /* view-pageId=1410.php.html */,
				A3E3B2AD14A9535800C7FAF5 /* view-pageId=1418.php.html */,
				A3E3B2AE14A9535800C7FAF5 /* view-pageId=1419.php.html */,
				A3E3B2AF14A9535800C7FAF5 /* view-pageId=1420.php.html */,
				A3E3B2B014A9535800C7FAF5 /* view-pageId=1421.php.html */,
				A3E3B2B114A9535800C7FAF5 /* view-pageId=1422.php.html */,
				A3E3B2B214A9535800C7FAF5 /* view-pageId=1471.php.html */,
				A3E3B2B314A9535800C7FAF5 /* view-pageId=1472.php.html */,
				A3E3B2B414A9535800C7FAF5 /* view-pageId=1473.php.html */,
			);
			sourceTree = "<group>";
		};
/* End PBXGroup section */

/* Begin PBXProject section */
		A3E3B1EE14A9532400C7FAF5 /* Project object */ = {
			isa = PBXProject;
			attributes = {
				ORGANIZATIONNAME = JMTechnology;
			};
			buildConfigurationList = A3E3B1F114A9532400C7FAF5 /* Build configuration list for PBXProject "JMT Indonesia" */;
			compatibilityVersion = "Xcode 3.2";
			developmentRegion = English;
			hasScannedForEncodings = 0;
			knownRegions = (
				en,
			);
			mainGroup = A3E3B1EC14A9532400C7FAF5;
			projectDirPath = "";
			projectRoot = "";
			targets = (
			);
		};
/* End PBXProject section */

/* Begin XCBuildConfiguration section */
		A3E3B1F314A9532500C7FAF5 /* Debug */ = {
			isa = XCBuildConfiguration;
			buildSettings = {
			};
			name = Debug;
		};
		A3E3B1F414A9532500C7FAF5 /* Release */ = {
			isa = XCBuildConfiguration;
			buildSettings = {
			};
			name = Release;
		};
/* End XCBuildConfiguration section */

/* Begin XCConfigurationList section */
		A3E3B1F114A9532400C7FAF5 /* Build configuration list for PBXProject "JMT Indonesia" */ = {
			isa = XCConfigurationList;
			buildConfigurations = (
				A3E3B1F314A9532500C7FAF5 /* Debug */,
				A3E3B1F414A9532500C7FAF5 /* Release */,
			);
			defaultConfigurationIsVisible = 0;
			defaultConfigurationName = Release;
		};
/* End XCConfigurationList section */
	};
	rootObject = A3E3B1EE14A9532400C7FAF5 /* Project object */;
}
